
Microsoft Visual Studio Solution File, Format Version 12.00
# Visual Studio Version 17
VisualStudioVersion = 17.9.34902.65
MinimumVisualStudioVersion = 10.0.40219.1
Project("{9A19103F-16F7-4668-BE54-9A1E7A4F7556}") = "SWPSolution.API", "SWPSolution.API\SWPSolution.API.csproj", "{4CC8C9AF-A517-445A-8130-01B61E2B3BF2}"
EndProject
Project("{9A19103F-16F7-4668-BE54-9A1E7A4F7556}") = "EShopBusinessObject", "SWPSolution.Object\EShopBusinessObject.csproj", "{91FA4F4E-DC78-46B7-9518-A3E69FD1ACFD}"
EndProject
Project("{9A19103F-16F7-4668-BE54-9A1E7A4F7556}") = "EShopDAOs", "SWPSolution.ObjectDAOs\EShopDAOs.csproj", "{98C7136A-69DD-4D0B-B884-E5B5E61477F1}"
EndProject
Project("{9A19103F-16F7-4668-BE54-9A1E7A4F7556}") = "EShopRepositories", "SWPSolution.ObjectRepositories\EShopRepositories.csproj", "{FD8DFB50-6CD2-441C-AD5F-558B33A1BA22}"
EndProject
Project("{9A19103F-16F7-4668-BE54-9A1E7A4F7556}") = "EShopServices", "EShopServices\EShopServices.csproj", "{96837149-122C-4FC6-835A-6E69E7524868}"
EndProject
Project("{FAE04EC0-301F-11D3-BF4B-00C04F79EFBC}") = "WebClientRazorPage", "WebClientRazorPage\WebClientRazorPage.csproj", "{53DA34EF-F8CB-436F-A026-4FCD110B28D8}"
EndProject
Global
	GlobalSection(SolutionConfigurationPlatforms) = preSolution
		Debug|Any CPU = Debug|Any CPU
		Release|Any CPU = Release|Any CPU
	EndGlobalSection
	GlobalSection(ProjectConfigurationPlatforms) = postSolution
		{4CC8C9AF-A517-445A-8130-01B61E2B3BF2}.Debug|Any CPU.ActiveCfg = Debug|Any CPU
		{4CC8C9AF-A517-445A-8130-01B61E2B3BF2}.Debug|Any CPU.Build.0 = Debug|Any CPU
		{4CC8C9AF-A517-445A-8130-01B61E2B3BF2}.Release|Any CPU.ActiveCfg = Release|Any CPU
		{4CC8C9AF-A517-445A-8130-01B61E2B3BF2}.Release|Any CPU.Build.0 = Release|Any CPU
		{91FA4F4E-DC78-46B7-9518-A3E69FD1ACFD}.Debug|Any CPU.ActiveCfg = Debug|Any CPU
		{91FA4F4E-DC78-46B7-9518-A3E69FD1ACFD}.Debug|Any CPU.Build.0 = Debug|Any CPU
		{91FA4F4E-DC78-46B7-9518-A3E69FD1ACFD}.Release|Any CPU.ActiveCfg = Release|Any CPU
		{91FA4F4E-DC78-46B7-9518-A3E69FD1ACFD}.Release|Any CPU.Build.0 = Release|Any CPU
		{98C7136A-69DD-4D0B-B884-E5B5E61477F1}.Debug|Any CPU.ActiveCfg = Debug|Any CPU
		{98C7136A-69DD-4D0B-B884-E5B5E61477F1}.Debug|Any CPU.Build.0 = Debug|Any CPU
		{98C7136A-69DD-4D0B-B884-E5B5E61477F1}.Release|Any CPU.ActiveCfg = Release|Any CPU
		{98C7136A-69DD-4D0B-B884-E5B5E61477F1}.Release|Any CPU.Build.0 = Release|Any CPU
		{FD8DFB50-6CD2-441C-AD5F-558B33A1BA22}.Debug|Any CPU.ActiveCfg = Debug|Any CPU
		{FD8DFB50-6CD2-441C-AD5F-558B33A1BA22}.Debug|Any CPU.Build.0 = Debug|Any CPU
		{FD8DFB50-6CD2-441C-AD5F-558B33A1BA22}.Release|Any CPU.ActiveCfg = Release|Any CPU
		{FD8DFB50-6CD2-441C-AD5F-558B33A1BA22}.Release|Any CPU.Build.0 = Release|Any CPU
		{96837149-122C-4FC6-835A-6E69E7524868}.Debug|Any CPU.ActiveCfg = Debug|Any CPU
		{96837149-122C-4FC6-835A-6E69E7524868}.Debug|Any CPU.Build.0 = Debug|Any CPU
		{96837149-122C-4FC6-835A-6E69E7524868}.Release|Any CPU.ActiveCfg = Release|Any CPU
		{96837149-122C-4FC6-835A-6E69E7524868}.Release|Any CPU.Build.0 = Release|Any CPU
		{53DA34EF-F8CB-436F-A026-4FCD110B28D8}.Debug|Any CPU.ActiveCfg = Debug|Any CPU
		{53DA34EF-F8CB-436F-A026-4FCD110B28D8}.Debug|Any CPU.Build.0 = Debug|Any CPU
		{53DA34EF-F8CB-436F-A026-4FCD110B28D8}.Release|Any CPU.ActiveCfg = Release|Any CPU
		{53DA34EF-F8CB-436F-A026-4FCD110B28D8}.Release|Any CPU.Build.0 = Release|Any CPU
	EndGlobalSection
	GlobalSection(SolutionProperties) = preSolution
		HideSolutionNode = FALSE
	EndGlobalSection
	GlobalSection(ExtensibilityGlobals) = postSolution
		SolutionGuid = {A69AF777-3B5E-4F5F-9CAC-9AC6BA40D136}
	EndGlobalSection
EndGlobal
