
Microsoft Visual Studio Solution File, Format Version 12.00
# Visual Studio Version 17
VisualStudioVersion = 17.9.34902.65
MinimumVisualStudioVersion = 10.0.40219.1
Project("{9A19103F-16F7-4668-BE54-9A1E7A4F7556}") = "SWPSolution.WebApp", "SWPSolution.WebApp\SWPSolution.WebApp.csproj", "{2C2B8AB5-263D-4C63-8D4F-AFC94D2F074E}"
EndProject
Project("{2150E333-8FDC-42A3-9474-1A3956D46DE8}") = "0. Solution Items", "0. Solution Items", "{4F677450-0E1E-4A71-95CE-68E59A2F1F6D}"
	ProjectSection(SolutionItems) = preProject
		README.md = README.md
	EndProjectSection
EndProject
Project("{9A19103F-16F7-4668-BE54-9A1E7A4F7556}") = "SWPSolution.Application", "SWPSolution.Application\SWPSolution.Application.csproj", "{A3F6E671-A8AA-486B-A490-BF1690D62710}"
EndProject
Project("{9A19103F-16F7-4668-BE54-9A1E7A4F7556}") = "SWPSolution.Data", "SWPSolution.Data\SWPSolution.Data.csproj", "{C82A2A6A-0933-4659-A531-6D96D87FBE44}"
EndProject
Project("{9A19103F-16F7-4668-BE54-9A1E7A4F7556}") = "SWPSolution.Utilities", "SWPSolution.Utilities\SWPSolution.Utilities.csproj", "{E377E0B8-7C0C-4B36-8B2C-024B56C2778C}"
EndProject
Project("{9A19103F-16F7-4668-BE54-9A1E7A4F7556}") = "SWPSolution.ViewModels", "SWPSolution.ViewModels\SWPSolution.ViewModels.csproj", "{B252FFBD-F182-4541-8115-6B9BB9651BF5}"
EndProject
Project("{9A19103F-16F7-4668-BE54-9A1E7A4F7556}") = "SWPSolution.BackendApi", "SWPSolution.BackendApi\SWPSolution.BackendApi.csproj", "{863A6393-19AC-4B3A-8DE1-1005565A8C0A}"
EndProject
Project("{2150E333-8FDC-42A3-9474-1A3956D46DE8}") = "1. Infrastructure", "1. Infrastructure", "{695094D3-68AB-47A0-B9C8-8E607A45F025}"
EndProject
Project("{2150E333-8FDC-42A3-9474-1A3956D46DE8}") = "2. Domain", "2. Domain", "{12560B83-9A8E-4847-974C-24B0FC31CA35}"
EndProject
Project("{2150E333-8FDC-42A3-9474-1A3956D46DE8}") = "3. Hosts", "3. Hosts", "{992259FB-0A00-412A-A88C-0B674CFD18D4}"
EndProject
Project("{9A19103F-16F7-4668-BE54-9A1E7A4F7556}") = "SWPSolution.AdminApp", "SWPSolution.AdminApp\SWPSolution.AdminApp.csproj", "{9CE41C67-BB67-43C3-8DC7-369DA9E166BC}"
EndProject
Global
	GlobalSection(SolutionConfigurationPlatforms) = preSolution
		Debug|Any CPU = Debug|Any CPU
		Release|Any CPU = Release|Any CPU
	EndGlobalSection
	GlobalSection(ProjectConfigurationPlatforms) = postSolution
		{2C2B8AB5-263D-4C63-8D4F-AFC94D2F074E}.Debug|Any CPU.ActiveCfg = Debug|Any CPU
		{2C2B8AB5-263D-4C63-8D4F-AFC94D2F074E}.Debug|Any CPU.Build.0 = Debug|Any CPU
		{2C2B8AB5-263D-4C63-8D4F-AFC94D2F074E}.Release|Any CPU.ActiveCfg = Release|Any CPU
		{2C2B8AB5-263D-4C63-8D4F-AFC94D2F074E}.Release|Any CPU.Build.0 = Release|Any CPU
		{A3F6E671-A8AA-486B-A490-BF1690D62710}.Debug|Any CPU.ActiveCfg = Debug|Any CPU
		{A3F6E671-A8AA-486B-A490-BF1690D62710}.Debug|Any CPU.Build.0 = Debug|Any CPU
		{A3F6E671-A8AA-486B-A490-BF1690D62710}.Release|Any CPU.ActiveCfg = Release|Any CPU
		{A3F6E671-A8AA-486B-A490-BF1690D62710}.Release|Any CPU.Build.0 = Release|Any CPU
		{C82A2A6A-0933-4659-A531-6D96D87FBE44}.Debug|Any CPU.ActiveCfg = Debug|Any CPU
		{C82A2A6A-0933-4659-A531-6D96D87FBE44}.Debug|Any CPU.Build.0 = Debug|Any CPU
		{C82A2A6A-0933-4659-A531-6D96D87FBE44}.Release|Any CPU.ActiveCfg = Release|Any CPU
		{C82A2A6A-0933-4659-A531-6D96D87FBE44}.Release|Any CPU.Build.0 = Release|Any CPU
		{E377E0B8-7C0C-4B36-8B2C-024B56C2778C}.Debug|Any CPU.ActiveCfg = Debug|Any CPU
		{E377E0B8-7C0C-4B36-8B2C-024B56C2778C}.Debug|Any CPU.Build.0 = Debug|Any CPU
		{E377E0B8-7C0C-4B36-8B2C-024B56C2778C}.Release|Any CPU.ActiveCfg = Release|Any CPU
		{E377E0B8-7C0C-4B36-8B2C-024B56C2778C}.Release|Any CPU.Build.0 = Release|Any CPU
		{B252FFBD-F182-4541-8115-6B9BB9651BF5}.Debug|Any CPU.ActiveCfg = Debug|Any CPU
		{B252FFBD-F182-4541-8115-6B9BB9651BF5}.Debug|Any CPU.Build.0 = Debug|Any CPU
		{B252FFBD-F182-4541-8115-6B9BB9651BF5}.Release|Any CPU.ActiveCfg = Release|Any CPU
		{B252FFBD-F182-4541-8115-6B9BB9651BF5}.Release|Any CPU.Build.0 = Release|Any CPU
		{863A6393-19AC-4B3A-8DE1-1005565A8C0A}.Debug|Any CPU.ActiveCfg = Debug|Any CPU
		{863A6393-19AC-4B3A-8DE1-1005565A8C0A}.Debug|Any CPU.Build.0 = Debug|Any CPU
		{863A6393-19AC-4B3A-8DE1-1005565A8C0A}.Release|Any CPU.ActiveCfg = Release|Any CPU
		{863A6393-19AC-4B3A-8DE1-1005565A8C0A}.Release|Any CPU.Build.0 = Release|Any CPU
		{9CE41C67-BB67-43C3-8DC7-369DA9E166BC}.Debug|Any CPU.ActiveCfg = Debug|Any CPU
		{9CE41C67-BB67-43C3-8DC7-369DA9E166BC}.Debug|Any CPU.Build.0 = Debug|Any CPU
		{9CE41C67-BB67-43C3-8DC7-369DA9E166BC}.Release|Any CPU.ActiveCfg = Release|Any CPU
		{9CE41C67-BB67-43C3-8DC7-369DA9E166BC}.Release|Any CPU.Build.0 = Release|Any CPU
	EndGlobalSection
	GlobalSection(SolutionProperties) = preSolution
		HideSolutionNode = FALSE
	EndGlobalSection
	GlobalSection(NestedProjects) = preSolution
		{2C2B8AB5-263D-4C63-8D4F-AFC94D2F074E} = {992259FB-0A00-412A-A88C-0B674CFD18D4}
		{A3F6E671-A8AA-486B-A490-BF1690D62710} = {12560B83-9A8E-4847-974C-24B0FC31CA35}
		{C82A2A6A-0933-4659-A531-6D96D87FBE44} = {12560B83-9A8E-4847-974C-24B0FC31CA35}
		{E377E0B8-7C0C-4B36-8B2C-024B56C2778C} = {695094D3-68AB-47A0-B9C8-8E607A45F025}
		{B252FFBD-F182-4541-8115-6B9BB9651BF5} = {695094D3-68AB-47A0-B9C8-8E607A45F025}
		{863A6393-19AC-4B3A-8DE1-1005565A8C0A} = {992259FB-0A00-412A-A88C-0B674CFD18D4}
		{9CE41C67-BB67-43C3-8DC7-369DA9E166BC} = {992259FB-0A00-412A-A88C-0B674CFD18D4}
	EndGlobalSection
	GlobalSection(ExtensibilityGlobals) = postSolution
		SolutionGuid = {34059E95-9C76-4139-BE44-8714A2A57B9E}
	EndGlobalSection
EndGlobal
